<?xml version="1.0" encoding="utf-8"?>
<Project ToolsVersion="4.0" xmlns="http://schemas.microsoft.com/developer/msbuild/2003">
  <ItemGroup>
    <Filter Include="Source Files">
      <UniqueIdentifier>{4FC737F1-C7A5-4376-A066-2A32D752A2FF}</UniqueIdentifier>
      <Extensions>cpp;c;cc;cxx;c++;cppm;ixx;def;odl;idl;hpj;bat;asm;asmx</Extensions>
    </Filter>
    <Filter Include="Header Files">
      <UniqueIdentifier>{93995380-89BD-4b04-88EB-625FBE52EBFB}</UniqueIdentifier>
      <Extensions>h;hh;hpp;hxx;h++;hm;inl;inc;ipp;xsd</Extensions>
    </Filter>
    <Filter Include="Resource Files">
      <UniqueIdentifier>{67DA6AB6-F800-4c08-8B7A-83BB121AAD01}</UniqueIdentifier>
      <Extensions>rc;ico;cur;bmp;dlg;rc2;rct;bin;rgs;gif;jpg;jpeg;jpe;resx;tiff;tif;png;wav;mfcribbon-ms</Extensions>
    </Filter>
    <Filter Include="Header Files\Engine">
      <UniqueIdentifier>{1dc3a229-d501-4abd-a97a-48b49f518428}</UniqueIdentifier>
    </Filter>
    <Filter Include="Header Files\Buffers">
      <UniqueIdentifier>{da8efebb-4b72-45e0-95b7-54437469a896}</UniqueIdentifier>
    </Filter>
    <Filter Include="Source Files\Buffers">
      <UniqueIdentifier>{27978460-f817-443a-ab6b-920f24abf4ad}</UniqueIdentifier>
    </Filter>
    <Filter Include="Header Files\Scene">
      <UniqueIdentifier>{c0926328-6304-42ff-a23a-cfeccfd79e0f}</UniqueIdentifier>
    </Filter>
    <Filter Include="Source Files\Scene">
      <UniqueIdentifier>{7c964b05-bc0a-459a-8c1e-298e1c4c6e14}</UniqueIdentifier>
    </Filter>
    <Filter Include="Source Files\Scene\Objects">
      <UniqueIdentifier>{786d4f9a-55f8-46c3-b727-3d03b82ae916}</UniqueIdentifier>
    </Filter>
    <Filter Include="Header Files\Scene\Objects">
      <UniqueIdentifier>{2797b5c4-ff41-484c-b39f-811b6ba29369}</UniqueIdentifier>
    </Filter>
    <Filter Include="Header Files\Internal-Libs">
      <UniqueIdentifier>{ce9763b4-bf64-460a-82c3-bf74976678c8}</UniqueIdentifier>
    </Filter>
    <Filter Include="Header Files\External-Libs">
      <UniqueIdentifier>{d9731435-3fb0-4fe3-819a-58b4a2789fd2}</UniqueIdentifier>
    </Filter>
    <Filter Include="Source Files\Engine">
      <UniqueIdentifier>{91d7d9e3-5cf1-40ef-9920-2b66d58d64e1}</UniqueIdentifier>
    </Filter>
    <Filter Include="Source Files\Scene\Lights">
      <UniqueIdentifier>{c7696bf7-1e8a-4867-b753-76a82ea27cce}</UniqueIdentifier>
    </Filter>
    <Filter Include="Header Files\Scene\Lights">
      <UniqueIdentifier>{1e814d83-32d9-474d-bc39-75e95f429f7f}</UniqueIdentifier>
    </Filter>
  </ItemGroup>
  <ItemGroup>
    <ClCompile Include="main.cpp">
      <Filter>Source Files</Filter>
    </ClCompile>
    <ClCompile Include="Renderer.cpp">
      <Filter>Source Files\Engine</Filter>
    </ClCompile>
    <ClCompile Include="Window.cpp">
      <Filter>Source Files\Engine</Filter>
    </ClCompile>
    <ClCompile Include="GameObject.cpp">
      <Filter>Source Files\Scene\Objects</Filter>
    </ClCompile>
    <ClCompile Include="VertexBuffer.cpp">
      <Filter>Source Files\Buffers</Filter>
    </ClCompile>
    <ClCompile Include="ConstantBuffer.cpp">
      <Filter>Source Files\Buffers</Filter>
    </ClCompile>
    <ClCompile Include="Camera.cpp">
      <Filter>Source Files\Scene</Filter>
    </ClCompile>
    <ClCompile Include="Mesh.cpp">
      <Filter>Source Files\Scene\Objects</Filter>
    </ClCompile>
    <ClCompile Include="SubMesh.cpp">
      <Filter>Source Files\Scene\Objects</Filter>
    </ClCompile>
    <ClCompile Include="IndexBuffer.cpp">
      <Filter>Source Files\Buffers</Filter>
    </ClCompile>
    <ClCompile Include="BaseScene.cpp">
      <Filter>Source Files\Scene</Filter>
    </ClCompile>
    <ClCompile Include="TestObject.cpp">
      <Filter>Source Files\Scene\Objects</Filter>
    </ClCompile>
    <ClCompile Include="LightHandler.cpp">
      <Filter>Source Files\Scene\Lights</Filter>
    </ClCompile>
    <ClCompile Include="StructuredBuffer.cpp">
      <Filter>Source Files\Buffers</Filter>
    </ClCompile>
    <ClCompile Include="SpotLight.cpp">
      <Filter>Source Files\Scene\Lights</Filter>
    </ClCompile>
    <ClCompile Include="DirectionalLight.cpp">
      <Filter>Source Files\Scene\Lights</Filter>
    </ClCompile>
  </ItemGroup>
  <ItemGroup>
    <ClInclude Include="Renderer.h">
      <Filter>Header Files\Engine</Filter>
    </ClInclude>
    <ClInclude Include="GameObject.h">
      <Filter>Header Files\Scene\Objects</Filter>
    </ClInclude>
    <ClInclude Include="VertexBuffer.h">
      <Filter>Header Files\Buffers</Filter>
    </ClInclude>
    <ClInclude Include="ConstantBuffer.h">
      <Filter>Header Files\Buffers</Filter>
    </ClInclude>
    <ClInclude Include="Camera.h">
      <Filter>Header Files\Scene</Filter>
    </ClInclude>
    <ClInclude Include="HelperFuncs.h">
      <Filter>Header Files\Internal-Libs</Filter>
    </ClInclude>
    <ClInclude Include="ReadCSO.h">
      <Filter>Header Files\Internal-Libs</Filter>
    </ClInclude>
    <ClInclude Include="Transform.h">
      <Filter>Header Files\Internal-Libs</Filter>
    </ClInclude>
    <ClInclude Include="Window.h">
      <Filter>Header Files\Engine</Filter>
    </ClInclude>
    <ClInclude Include="OBJ_Loader.h">
      <Filter>Header Files\External-Libs</Filter>
    </ClInclude>
    <ClInclude Include="GBuffer.h">
      <Filter>Header Files\Buffers</Filter>
    </ClInclude>
    <ClInclude Include="stb_image.h">
      <Filter>Header Files\External-Libs</Filter>
    </ClInclude>
    <ClInclude Include="SubMesh.h">
      <Filter>Header Files\Scene\Objects</Filter>
    </ClInclude>
    <ClInclude Include="Mesh.h">
      <Filter>Header Files\Scene\Objects</Filter>
    </ClInclude>
    <ClInclude Include="IndexBuffer.h">
      <Filter>Header Files\Buffers</Filter>
    </ClInclude>
    <ClInclude Include="InputHandler.h">
      <Filter>Header Files\Internal-Libs</Filter>
    </ClInclude>
    <ClInclude Include="TestObject.h">
      <Filter>Header Files\Scene\Objects</Filter>
    </ClInclude>
    <ClInclude Include="BaseScene.h">
      <Filter>Header Files\Scene</Filter>
    </ClInclude>
    <ClInclude Include="SimpleVertex.h">
      <Filter>Header Files\Internal-Libs</Filter>
    </ClInclude>
    <ClInclude Include="DeferredHandler.h">
      <Filter>Header Files\Internal-Libs</Filter>
    </ClInclude>
    <ClInclude Include="LightHandler.h">
      <Filter>Header Files\Scene\Lights</Filter>
    </ClInclude>
    <ClInclude Include="StructuredBuffer.h">
      <Filter>Header Files\Buffers</Filter>
    </ClInclude>
    <ClInclude Include="SpotLight.h">
      <Filter>Header Files\Scene\Lights</Filter>
    </ClInclude>
    <ClInclude Include="DirectionalLight.h">
      <Filter>Header Files\Scene\Lights</Filter>
    </ClInclude>
    <ClInclude Include="..\..\..\..\AppData\Local\Temp\COPILOTBASELINE\5372df9a\~BASESCENE.H">
      <Filter>Header Files</Filter>
    </ClInclude>
  </ItemGroup>
  <ItemGroup>
    <FxCompile Include="VertexShader.hlsl">
      <Filter>Resource Files</Filter>
    </FxCompile>
    <FxCompile Include="PixelShader.hlsl">
      <Filter>Resource Files</Filter>
    </FxCompile>
    <FxCompile Include="ComputeShader.hlsl">
      <Filter>Resource Files</Filter>
    </FxCompile>
  </ItemGroup>
  <ItemGroup>
    <None Include="README.md" />
    <None Include="packages.config" />
  </ItemGroup>
</Project>